
Microsoft Visual Studio Solution File, Format Version 12.00
# Visual Studio Version 17
VisualStudioVersion = 17.5.33627.172
MinimumVisualStudioVersion = 10.0.40219.1
Project("{FAE04EC0-301F-11D3-BF4B-00C04F79EFBC}") = "Email-Service", "Email-Service\Email-Service.csproj", "{23C0D4D7-7ED5-46E4-B782-A5ACAF45D690}"
EndProject
Global
	GlobalSection(SolutionConfigurationPlatforms) = preSolution
		Debug|Any CPU = Debug|Any CPU
		Release|Any CPU = Release|Any CPU
	EndGlobalSection
	GlobalSection(ProjectConfigurationPlatforms) = postSolution
		{23C0D4D7-7ED5-46E4-B782-A5ACAF45D690}.Debug|Any CPU.ActiveCfg = Debug|Any CPU
		{23C0D4D7-7ED5-46E4-B782-A5ACAF45D690}.Debug|Any CPU.Build.0 = Debug|Any CPU
		{23C0D4D7-7ED5-46E4-B782-A5ACAF45D690}.Release|Any CPU.ActiveCfg = Release|Any CPU
		{23C0D4D7-7ED5-46E4-B782-A5ACAF45D690}.Release|Any CPU.Build.0 = Release|Any CPU
	EndGlobalSection
	GlobalSection(SolutionProperties) = preSolution
		HideSolutionNode = FALSE
	EndGlobalSection
	GlobalSection(ExtensibilityGlobals) = postSolution
		SolutionGuid = {973B7135-28DF-48A5-B60E-21966DED3CCC}
	EndGlobalSection
EndGlobal
